// !$*UTF8*$!
{
	archiveVersion = 1;
	classes = {
	};
	objectVersion = 46;
	objects = {

/* Begin PBXBuildFile section */
		E72D64B81D2279E80042FFF8 /* Changes.swift in Sources */ = {isa = PBXBuildFile; fileRef = E72D64B71D2279E80042FFF8 /* Changes.swift */; };
		E73754881DA0D8510068DFAA /* SummaryController.swift in Sources */ = {isa = PBXBuildFile; fileRef = E73754871DA0D8510068DFAA /* SummaryController.swift */; };
		E73E50721D38DDAC0076729F /* SummaryDataSource.swift in Sources */ = {isa = PBXBuildFile; fileRef = E73E50711D38DDAC0076729F /* SummaryDataSource.swift */; };
		E73E50741D38F8510076729F /* SummaryCell.swift in Sources */ = {isa = PBXBuildFile; fileRef = E73E50731D38F8510076729F /* SummaryCell.swift */; };
		E73E50781D3C28760076729F /* GoalsController.swift in Sources */ = {isa = PBXBuildFile; fileRef = E73E50771D3C28760076729F /* GoalsController.swift */; };
		E73E507A1D3C31F80076729F /* DetailController.swift in Sources */ = {isa = PBXBuildFile; fileRef = E73E50791D3C31F80076729F /* DetailController.swift */; };
		E7DE0CC41D1A73BC0053A00B /* AppDelegate.swift in Sources */ = {isa = PBXBuildFile; fileRef = E7DE0CC31D1A73BC0053A00B /* AppDelegate.swift */; };
		E7DE0CCB1D1A73BC0053A00B /* Main.storyboard in Resources */ = {isa = PBXBuildFile; fileRef = E7DE0CC91D1A73BC0053A00B /* Main.storyboard */; };
		E7DE0CCD1D1A73BC0053A00B /* Assets.xcassets in Resources */ = {isa = PBXBuildFile; fileRef = E7DE0CCC1D1A73BC0053A00B /* Assets.xcassets */; };
		E7DE0CD01D1A73BC0053A00B /* LaunchScreen.storyboard in Resources */ = {isa = PBXBuildFile; fileRef = E7DE0CCE1D1A73BC0053A00B /* LaunchScreen.storyboard */; };
		E7DE0CDB1D1A73BC0053A00B /* GoalsTests.swift in Sources */ = {isa = PBXBuildFile; fileRef = E7DE0CDA1D1A73BC0053A00B /* GoalsTests.swift */; };
		E7DE0CE81D1A83660053A00B /* Goals.swift in Sources */ = {isa = PBXBuildFile; fileRef = E7DE0CE71D1A83660053A00B /* Goals.swift */; };
		E7DE0CEA1D1A83E00053A00B /* GoalsDataSource.swift in Sources */ = {isa = PBXBuildFile; fileRef = E7DE0CE91D1A83E00053A00B /* GoalsDataSource.swift */; };
/* End PBXBuildFile section */

/* Begin PBXContainerItemProxy section */
		E7DE0CD71D1A73BC0053A00B /* PBXContainerItemProxy */ = {
			isa = PBXContainerItemProxy;
			containerPortal = E7DE0CB81D1A73BC0053A00B /* Project object */;
			proxyType = 1;
			remoteGlobalIDString = E7DE0CBF1D1A73BC0053A00B;
			remoteInfo = Goals;
		};
/* End PBXContainerItemProxy section */

/* Begin PBXFileReference section */
		E72D64B71D2279E80042FFF8 /* Changes.swift */ = {isa = PBXFileReference; fileEncoding = 4; lastKnownFileType = sourcecode.swift; path = Changes.swift; sourceTree = "<group>"; };
		E73754871DA0D8510068DFAA /* SummaryController.swift */ = {isa = PBXFileReference; fileEncoding = 4; lastKnownFileType = sourcecode.swift; path = SummaryController.swift; sourceTree = "<group>"; };
		E73E50711D38DDAC0076729F /* SummaryDataSource.swift */ = {isa = PBXFileReference; fileEncoding = 4; lastKnownFileType = sourcecode.swift; path = SummaryDataSource.swift; sourceTree = "<group>"; };
		E73E50731D38F8510076729F /* SummaryCell.swift */ = {isa = PBXFileReference; fileEncoding = 4; lastKnownFileType = sourcecode.swift; path = SummaryCell.swift; sourceTree = "<group>"; };
		E73E50771D3C28760076729F /* GoalsController.swift */ = {isa = PBXFileReference; fileEncoding = 4; lastKnownFileType = sourcecode.swift; path = GoalsController.swift; sourceTree = "<group>"; };
		E73E50791D3C31F80076729F /* DetailController.swift */ = {isa = PBXFileReference; fileEncoding = 4; lastKnownFileType = sourcecode.swift; path = DetailController.swift; sourceTree = "<group>"; };
		E7DE0CC01D1A73BC0053A00B /* Goals.app */ = {isa = PBXFileReference; explicitFileType = wrapper.application; includeInIndex = 0; path = Goals.app; sourceTree = BUILT_PRODUCTS_DIR; };
		E7DE0CC31D1A73BC0053A00B /* AppDelegate.swift */ = {isa = PBXFileReference; lastKnownFileType = sourcecode.swift; path = AppDelegate.swift; sourceTree = "<group>"; };
		E7DE0CCA1D1A73BC0053A00B /* Base */ = {isa = PBXFileReference; lastKnownFileType = file.storyboard; name = Base; path = Base.lproj/Main.storyboard; sourceTree = "<group>"; };
		E7DE0CCC1D1A73BC0053A00B /* Assets.xcassets */ = {isa = PBXFileReference; lastKnownFileType = folder.assetcatalog; path = Assets.xcassets; sourceTree = "<group>"; };
		E7DE0CCF1D1A73BC0053A00B /* Base */ = {isa = PBXFileReference; lastKnownFileType = file.storyboard; name = Base; path = Base.lproj/LaunchScreen.storyboard; sourceTree = "<group>"; };
		E7DE0CD11D1A73BC0053A00B /* Info.plist */ = {isa = PBXFileReference; lastKnownFileType = text.plist.xml; path = Info.plist; sourceTree = "<group>"; };
		E7DE0CD61D1A73BC0053A00B /* GoalsTests.xctest */ = {isa = PBXFileReference; explicitFileType = wrapper.cfbundle; includeInIndex = 0; path = GoalsTests.xctest; sourceTree = BUILT_PRODUCTS_DIR; };
		E7DE0CDA1D1A73BC0053A00B /* GoalsTests.swift */ = {isa = PBXFileReference; lastKnownFileType = sourcecode.swift; path = GoalsTests.swift; sourceTree = "<group>"; };
		E7DE0CDC1D1A73BC0053A00B /* Info.plist */ = {isa = PBXFileReference; lastKnownFileType = text.plist.xml; path = Info.plist; sourceTree = "<group>"; };
		E7DE0CE71D1A83660053A00B /* Goals.swift */ = {isa = PBXFileReference; fileEncoding = 4; lastKnownFileType = sourcecode.swift; path = Goals.swift; sourceTree = "<group>"; };
		E7DE0CE91D1A83E00053A00B /* GoalsDataSource.swift */ = {isa = PBXFileReference; fileEncoding = 4; lastKnownFileType = sourcecode.swift; path = GoalsDataSource.swift; sourceTree = "<group>"; };
/* End PBXFileReference section */

/* Begin PBXFrameworksBuildPhase section */
		E7DE0CBD1D1A73BC0053A00B /* Frameworks */ = {
			isa = PBXFrameworksBuildPhase;
			buildActionMask = 2147483647;
			files = (
			);
			runOnlyForDeploymentPostprocessing = 0;
		};
		E7DE0CD31D1A73BC0053A00B /* Frameworks */ = {
			isa = PBXFrameworksBuildPhase;
			buildActionMask = 2147483647;
			files = (
			);
			runOnlyForDeploymentPostprocessing = 0;
		};
/* End PBXFrameworksBuildPhase section */

/* Begin PBXGroup section */
		E7DE0CB71D1A73BC0053A00B = {
			isa = PBXGroup;
			children = (
				E7DE0CC21D1A73BC0053A00B /* Goals */,
				E7DE0CD91D1A73BC0053A00B /* GoalsTests */,
				E7DE0CC11D1A73BC0053A00B /* Products */,
			);
			indentWidth = 2;
			sourceTree = "<group>";
			tabWidth = 2;
		};
		E7DE0CC11D1A73BC0053A00B /* Products */ = {
			isa = PBXGroup;
			children = (
				E7DE0CC01D1A73BC0053A00B /* Goals.app */,
				E7DE0CD61D1A73BC0053A00B /* GoalsTests.xctest */,
			);
			name = Products;
			sourceTree = "<group>";
		};
		E7DE0CC21D1A73BC0053A00B /* Goals */ = {
			isa = PBXGroup;
			children = (
				E7DE0CC31D1A73BC0053A00B /* AppDelegate.swift */,
				E72D64B71D2279E80042FFF8 /* Changes.swift */,
				E7DE0CE71D1A83660053A00B /* Goals.swift */,
				E73E50771D3C28760076729F /* GoalsController.swift */,
				E7DE0CE91D1A83E00053A00B /* GoalsDataSource.swift */,
				E73E50791D3C31F80076729F /* DetailController.swift */,
				E73754871DA0D8510068DFAA /* SummaryController.swift */,
				E73E50711D38DDAC0076729F /* SummaryDataSource.swift */,
				E73E50731D38F8510076729F /* SummaryCell.swift */,
				E7DE0CC91D1A73BC0053A00B /* Main.storyboard */,
				E7DE0CCC1D1A73BC0053A00B /* Assets.xcassets */,
				E7DE0CCE1D1A73BC0053A00B /* LaunchScreen.storyboard */,
				E7DE0CD11D1A73BC0053A00B /* Info.plist */,
			);
			path = Goals;
			sourceTree = "<group>";
		};
		E7DE0CD91D1A73BC0053A00B /* GoalsTests */ = {
			isa = PBXGroup;
			children = (
				E7DE0CDA1D1A73BC0053A00B /* GoalsTests.swift */,
				E7DE0CDC1D1A73BC0053A00B /* Info.plist */,
			);
			path = GoalsTests;
			sourceTree = "<group>";
		};
/* End PBXGroup section */

/* Begin PBXNativeTarget section */
		E7DE0CBF1D1A73BC0053A00B /* Goals */ = {
			isa = PBXNativeTarget;
			buildConfigurationList = E7DE0CDF1D1A73BC0053A00B /* Build configuration list for PBXNativeTarget "Goals" */;
			buildPhases = (
				E7DE0CBC1D1A73BC0053A00B /* Sources */,
				E7DE0CBD1D1A73BC0053A00B /* Frameworks */,
				E7DE0CBE1D1A73BC0053A00B /* Resources */,
			);
			buildRules = (
			);
			dependencies = (
			);
			name = Goals;
			productName = Goals;
			productReference = E7DE0CC01D1A73BC0053A00B /* Goals.app */;
			productType = "com.apple.product-type.application";
		};
		E7DE0CD51D1A73BC0053A00B /* GoalsTests */ = {
			isa = PBXNativeTarget;
			buildConfigurationList = E7DE0CE21D1A73BC0053A00B /* Build configuration list for PBXNativeTarget "GoalsTests" */;
			buildPhases = (
				E7DE0CD21D1A73BC0053A00B /* Sources */,
				E7DE0CD31D1A73BC0053A00B /* Frameworks */,
				E7DE0CD41D1A73BC0053A00B /* Resources */,
			);
			buildRules = (
			);
			dependencies = (
				E7DE0CD81D1A73BC0053A00B /* PBXTargetDependency */,
			);
			name = GoalsTests;
			productName = GoalsTests;
			productReference = E7DE0CD61D1A73BC0053A00B /* GoalsTests.xctest */;
			productType = "com.apple.product-type.bundle.unit-test";
		};
/* End PBXNativeTarget section */

/* Begin PBXProject section */
		E7DE0CB81D1A73BC0053A00B /* Project object */ = {
			isa = PBXProject;
			attributes = {
				LastSwiftUpdateCheck = 0800;
				LastUpgradeCheck = 0910;
				ORGANIZATIONNAME = "Chakravarty & Keller";
				TargetAttributes = {
					E7DE0CBF1D1A73BC0053A00B = {
						CreatedOnToolsVersion = 8.0;
						DevelopmentTeam = Z3JA6XMHD3;
						DevelopmentTeamName = "Manuel Chakravarty";
						ProvisioningStyle = Automatic;
					};
					E7DE0CD51D1A73BC0053A00B = {
						CreatedOnToolsVersion = 8.0;
						DevelopmentTeam = Z3JA6XMHD3;
						DevelopmentTeamName = "Manuel Chakravarty";
						ProvisioningStyle = Automatic;
						TestTargetID = E7DE0CBF1D1A73BC0053A00B;
					};
				};
			};
			buildConfigurationList = E7DE0CBB1D1A73BC0053A00B /* Build configuration list for PBXProject "Goals" */;
			compatibilityVersion = "Xcode 3.2";
			developmentRegion = English;
			hasScannedForEncodings = 0;
			knownRegions = (
				en,
				Base,
			);
			mainGroup = E7DE0CB71D1A73BC0053A00B;
			productRefGroup = E7DE0CC11D1A73BC0053A00B /* Products */;
			projectDirPath = "";
			projectRoot = "";
			targets = (
				E7DE0CBF1D1A73BC0053A00B /* Goals */,
				E7DE0CD51D1A73BC0053A00B /* GoalsTests */,
			);
		};
/* End PBXProject section */

/* Begin PBXResourcesBuildPhase section */
		E7DE0CBE1D1A73BC0053A00B /* Resources */ = {
			isa = PBXResourcesBuildPhase;
			buildActionMask = 2147483647;
			files = (
				E7DE0CD01D1A73BC0053A00B /* LaunchScreen.storyboard in Resources */,
				E7DE0CCD1D1A73BC0053A00B /* Assets.xcassets in Resources */,
				E7DE0CCB1D1A73BC0053A00B /* Main.storyboard in Resources */,
			);
			runOnlyForDeploymentPostprocessing = 0;
		};
		E7DE0CD41D1A73BC0053A00B /* Resources */ = {
			isa = PBXResourcesBuildPhase;
			buildActionMask = 2147483647;
			files = (
			);
			runOnlyForDeploymentPostprocessing = 0;
		};
/* End PBXResourcesBuildPhase section */

/* Begin PBXSourcesBuildPhase section */
		E7DE0CBC1D1A73BC0053A00B /* Sources */ = {
			isa = PBXSourcesBuildPhase;
			buildActionMask = 2147483647;
			files = (
				E73E507A1D3C31F80076729F /* DetailController.swift in Sources */,
				E7DE0CC41D1A73BC0053A00B /* AppDelegate.swift in Sources */,
				E73E50721D38DDAC0076729F /* SummaryDataSource.swift in Sources */,
				E7DE0CEA1D1A83E00053A00B /* GoalsDataSource.swift in Sources */,
				E72D64B81D2279E80042FFF8 /* Changes.swift in Sources */,
				E73E50741D38F8510076729F /* SummaryCell.swift in Sources */,
				E73754881DA0D8510068DFAA /* SummaryController.swift in Sources */,
				E7DE0CE81D1A83660053A00B /* Goals.swift in Sources */,
				E73E50781D3C28760076729F /* GoalsController.swift in Sources */,
			);
			runOnlyForDeploymentPostprocessing = 0;
		};
		E7DE0CD21D1A73BC0053A00B /* Sources */ = {
			isa = PBXSourcesBuildPhase;
			buildActionMask = 2147483647;
			files = (
				E7DE0CDB1D1A73BC0053A00B /* GoalsTests.swift in Sources */,
			);
			runOnlyForDeploymentPostprocessing = 0;
		};
/* End PBXSourcesBuildPhase section */

/* Begin PBXTargetDependency section */
		E7DE0CD81D1A73BC0053A00B /* PBXTargetDependency */ = {
			isa = PBXTargetDependency;
			target = E7DE0CBF1D1A73BC0053A00B /* Goals */;
			targetProxy = E7DE0CD71D1A73BC0053A00B /* PBXContainerItemProxy */;
		};
/* End PBXTargetDependency section */

/* Begin PBXVariantGroup section */
		E7DE0CC91D1A73BC0053A00B /* Main.storyboard */ = {
			isa = PBXVariantGroup;
			children = (
				E7DE0CCA1D1A73BC0053A00B /* Base */,
			);
			name = Main.storyboard;
			sourceTree = "<group>";
		};
		E7DE0CCE1D1A73BC0053A00B /* LaunchScreen.storyboard */ = {
			isa = PBXVariantGroup;
			children = (
				E7DE0CCF1D1A73BC0053A00B /* Base */,
			);
			name = LaunchScreen.storyboard;
			sourceTree = "<group>";
		};
/* End PBXVariantGroup section */

/* Begin XCBuildConfiguration section */
		E7DE0CDD1D1A73BC0053A00B /* Debug */ = {
			isa = XCBuildConfiguration;
			buildSettings = {
				ALWAYS_SEARCH_USER_PATHS = NO;
				CLANG_ANALYZER_NONNULL = YES;
				CLANG_CXX_LANGUAGE_STANDARD = "gnu++0x";
				CLANG_CXX_LIBRARY = "libc++";
				CLANG_ENABLE_MODULES = YES;
				CLANG_ENABLE_OBJC_ARC = YES;
				CLANG_WARN_BLOCK_CAPTURE_AUTORELEASING = YES;
				CLANG_WARN_BOOL_CONVERSION = YES;
				CLANG_WARN_COMMA = YES;
				CLANG_WARN_CONSTANT_CONVERSION = YES;
				CLANG_WARN_DIRECT_OBJC_ISA_USAGE = YES_ERROR;
				CLANG_WARN_DOCUMENTATION_COMMENTS = YES;
				CLANG_WARN_EMPTY_BODY = YES;
				CLANG_WARN_ENUM_CONVERSION = YES;
				CLANG_WARN_INFINITE_RECURSION = YES;
				CLANG_WARN_INT_CONVERSION = YES;
				CLANG_WARN_NON_LITERAL_NULL_CONVERSION = YES;
				CLANG_WARN_OBJC_LITERAL_CONVERSION = YES;
				CLANG_WARN_OBJC_ROOT_CLASS = YES_ERROR;
				CLANG_WARN_RANGE_LOOP_ANALYSIS = YES;
				CLANG_WARN_STRICT_PROTOTYPES = YES;
				CLANG_WARN_SUSPICIOUS_MOVE = YES;
				CLANG_WARN_UNREACHABLE_CODE = YES;
				CLANG_WARN__DUPLICATE_METHOD_MATCH = YES;
				"CODE_SIGN_IDENTITY[sdk=iphoneos*]" = "iPhone Developer";
				COPY_PHASE_STRIP = NO;
				DEBUG_INFORMATION_FORMAT = dwarf;
				ENABLE_STRICT_OBJC_MSGSEND = YES;
				ENABLE_TESTABILITY = YES;
				GCC_C_LANGUAGE_STANDARD = gnu99;
				GCC_DYNAMIC_NO_PIC = NO;
				GCC_NO_COMMON_BLOCKS = YES;
				GCC_OPTIMIZATION_LEVEL = 0;
				GCC_PREPROCESSOR_DEFINITIONS = (
					"DEBUG=1",
					"$(inherited)",
				);
				GCC_WARN_64_TO_32_BIT_CONVERSION = YES;
				GCC_WARN_ABOUT_RETURN_TYPE = YES_ERROR;
				GCC_WARN_UNDECLARED_SELECTOR = YES;
				GCC_WARN_UNINITIALIZED_AUTOS = YES_AGGRESSIVE;
				GCC_WARN_UNUSED_FUNCTION = YES;
				GCC_WARN_UNUSED_VARIABLE = YES;
				IPHONEOS_DEPLOYMENT_TARGET = 10.0;
				MTL_ENABLE_DEBUG_INFO = YES;
				ONLY_ACTIVE_ARCH = YES;
				SDKROOT = iphoneos;
				SWIFT_ACTIVE_COMPILATION_CONDITIONS = DEBUG;
				SWIFT_OPTIMIZATION_LEVEL = "-Onone";
			};
			name = Debug;
		};
		E7DE0CDE1D1A73BC0053A00B /* Release */ = {
			isa = XCBuildConfiguration;
			buildSettings = {
				ALWAYS_SEARCH_USER_PATHS = NO;
				CLANG_ANALYZER_NONNULL = YES;
				CLANG_CXX_LANGUAGE_STANDARD = "gnu++0x";
				CLANG_CXX_LIBRARY = "libc++";
				CLANG_ENABLE_MODULES = YES;
				CLANG_ENABLE_OBJC_ARC = YES;
				CLANG_WARN_BLOCK_CAPTURE_AUTORELEASING = YES;
				CLANG_WARN_BOOL_CONVERSION = YES;
				CLANG_WARN_COMMA = YES;
				CLANG_WARN_CONSTANT_CONVERSION = YES;
				CLANG_WARN_DIRECT_OBJC_ISA_USAGE = YES_ERROR;
				CLANG_WARN_DOCUMENTATION_COMMENTS = YES;
				CLANG_WARN_EMPTY_BODY = YES;
				CLANG_WARN_ENUM_CONVERSION = YES;
				CLANG_WARN_INFINITE_RECURSION = YES;
				CLANG_WARN_INT_CONVERSION = YES;
				CLANG_WARN_NON_LITERAL_NULL_CONVERSION = YES;
				CLANG_WARN_OBJC_LITERAL_CONVERSION = YES;
				CLANG_WARN_OBJC_ROOT_CLASS = YES_ERROR;
				CLANG_WARN_RANGE_LOOP_ANALYSIS = YES;
				CLANG_WARN_STRICT_PROTOTYPES = YES;
				CLANG_WARN_SUSPICIOUS_MOVE = YES;
				CLANG_WARN_UNREACHABLE_CODE = YES;
				CLANG_WARN__DUPLICATE_METHOD_MATCH = YES;
				"CODE_SIGN_IDENTITY[sdk=iphoneos*]" = "iPhone Developer";
				COPY_PHASE_STRIP = NO;
				DEBUG_INFORMATION_FORMAT = "dwarf-with-dsym";
				ENABLE_NS_ASSERTIONS = NO;
				ENABLE_STRICT_OBJC_MSGSEND = YES;
				GCC_C_LANGUAGE_STANDARD = gnu99;
				GCC_NO_COMMON_BLOCKS = YES;
				GCC_WARN_64_TO_32_BIT_CONVERSION = YES;
				GCC_WARN_ABOUT_RETURN_TYPE = YES_ERROR;
				GCC_WARN_UNDECLARED_SELECTOR = YES;
				GCC_WARN_UNINITIALIZED_AUTOS = YES_AGGRESSIVE;
				GCC_WARN_UNUSED_FUNCTION = YES;
				GCC_WARN_UNUSED_VARIABLE = YES;
				IPHONEOS_DEPLOYMENT_TARGET = 10.0;
				MTL_ENABLE_DEBUG_INFO = NO;
				SDKROOT = iphoneos;
				SWIFT_OPTIMIZATION_LEVEL = "-Owholemodule";
				VALIDATE_PRODUCT = YES;
			};
			name = Release;
		};
		E7DE0CE01D1A73BC0053A00B /* Debug */ = {
			isa = XCBuildConfiguration;
			buildSettings = {
				ASSETCATALOG_COMPILER_APPICON_NAME = AppIcon;
				INFOPLIST_FILE = Goals/Info.plist;
				IPHONEOS_DEPLOYMENT_TARGET = 10.0;
				LD_RUNPATH_SEARCH_PATHS = "$(inherited) @executable_path/Frameworks";
				PRODUCT_BUNDLE_IDENTIFIER = org.justtesting.Goals;
				PRODUCT_NAME = "$(TARGET_NAME)";
				SWIFT_VERSION = 3.0;
			};
			name = Debug;
		};
		E7DE0CE11D1A73BC0053A00B /* Release */ = {
			isa = XCBuildConfiguration;
			buildSettings = {
				ASSETCATALOG_COMPILER_APPICON_NAME = AppIcon;
				INFOPLIST_FILE = Goals/Info.plist;
				IPHONEOS_DEPLOYMENT_TARGET = 10.0;
				LD_RUNPATH_SEARCH_PATHS = "$(inherited) @executable_path/Frameworks";
				PRODUCT_BUNDLE_IDENTIFIER = org.justtesting.Goals;
				PRODUCT_NAME = "$(TARGET_NAME)";
				SWIFT_VERSION = 3.0;
			};
			name = Release;
		};
		E7DE0CE31D1A73BC0053A00B /* Debug */ = {
			isa = XCBuildConfiguration;
			buildSettings = {
				BUNDLE_LOADER = "$(TEST_HOST)";
				INFOPLIST_FILE = GoalsTests/Info.plist;
				LD_RUNPATH_SEARCH_PATHS = "$(inherited) @executable_path/Frameworks @loader_path/Frameworks";
				PRODUCT_BUNDLE_IDENTIFIER = org.justtesting.GoalsTests;
				PRODUCT_NAME = "$(TARGET_NAME)";
				SWIFT_VERSION = 3.0;
				TEST_HOST = "$(BUILT_PRODUCTS_DIR)/Goals.app/Goals";
			};
			name = Debug;
		};
		E7DE0CE41D1A73BC0053A00B /* Release */ = {
			isa = XCBuildConfiguration;
			buildSettings = {
				BUNDLE_LOADER = "$(TEST_HOST)";
				INFOPLIST_FILE = GoalsTests/Info.plist;
				LD_RUNPATH_SEARCH_PATHS = "$(inherited) @executable_path/Frameworks @loader_path/Frameworks";
				PRODUCT_BUNDLE_IDENTIFIER = org.justtesting.GoalsTests;
				PRODUCT_NAME = "$(TARGET_NAME)";
				SWIFT_VERSION = 3.0;
				TEST_HOST = "$(BUILT_PRODUCTS_DIR)/Goals.app/Goals";
			};
			name = Release;
		};
/* End XCBuildConfiguration section */

/* Begin XCConfigurationList section */
		E7DE0CBB1D1A73BC0053A00B /* Build configuration list for PBXProject "Goals" */ = {
			isa = XCConfigurationList;
			buildConfigurations = (
				E7DE0CDD1D1A73BC0053A00B /* Debug */,
				E7DE0CDE1D1A73BC0053A00B /* Release */,
			);
			defaultConfigurationIsVisible = 0;
			defaultConfigurationName = Release;
		};
		E7DE0CDF1D1A73BC0053A00B /* Build configuration list for PBXNativeTarget "Goals" */ = {
			isa = XCConfigurationList;
			buildConfigurations = (
				E7DE0CE01D1A73BC0053A00B /* Debug */,
				E7DE0CE11D1A73BC0053A00B /* Release */,
			);
			defaultConfigurationIsVisible = 0;
			defaultConfigurationName = Release;
		};
		E7DE0CE21D1A73BC0053A00B /* Build configuration list for PBXNativeTarget "GoalsTests" */ = {
			isa = XCConfigurationList;
			buildConfigurations = (
				E7DE0CE31D1A73BC0053A00B /* Debug */,
				E7DE0CE41D1A73BC0053A00B /* Release */,
			);
			defaultConfigurationIsVisible = 0;
			defaultConfigurationName = Release;
		};
/* End XCConfigurationList section */
	};
	rootObject = E7DE0CB81D1A73BC0053A00B /* Project object */;
}
